schema: '2.0'
stages:
  data_ingestion:
    cmd: python src/data_ingestion.py
    deps:
    - path: src/data_ingestion.py
      hash: md5
      md5: aa31b9ae00e73c3e882e76f43e667fb5
      size: 2960
    outs:
    - path: data/raw
      hash: md5
      md5: 1a287d34dc172d9f950c03dae35f7e73.dir
      size: 484846
      nfiles: 2
  data_preprocessing:
    cmd: python src/data_preprocessing.py
    deps:
    - path: data/raw
      hash: md5
      md5: 1a287d34dc172d9f950c03dae35f7e73.dir
      size: 484846
      nfiles: 2
    - path: src/data_preprocessing.py
      hash: md5
      md5: fdd6ab568b590d221317f49ae4be4444
      size: 4146
    outs:
    - path: data/interim
      hash: md5
      md5: d99be5cb2b019d747166f90739fa6d08.dir
      size: 260073
      nfiles: 2
  feature_engineering:
    cmd: python src/feature_engineering.py
    deps:
    - path: data/interim
      hash: md5
      md5: d99be5cb2b019d747166f90739fa6d08.dir
      size: 260073
      nfiles: 2
    - path: src/feature_engineering.py
      hash: md5
      md5: 8befd08b27c574359107f8dd802ff2d3
      size: 3204
    outs:
    - path: data/processed
      hash: md5
      md5: 75e218e1ef3eca0fbee7bf147502a2e7.dir
      size: 1179996
      nfiles: 2
  model_building:
    cmd: python src/model_building.py
    deps:
    - path: data/processed
      hash: md5
      md5: 75e218e1ef3eca0fbee7bf147502a2e7.dir
      size: 1179996
      nfiles: 2
    - path: src/model_building.py
      hash: md5
      md5: c556040483ab56f6a3e16421aad2357b
      size: 3838
    outs:
    - path: models/model.pkl
      hash: md5
      md5: 37ede27c2f88bd722f9c83a10948d430
      size: 998455
  model_evaluation:
    cmd: python src/model_evaluation.py
    deps:
    - path: models/model.pkl
      hash: md5
      md5: 37ede27c2f88bd722f9c83a10948d430
      size: 998455
    - path: src/model_evaluation.py
      hash: md5
      md5: a3e844d44dba00202319e7b22dddcf94
      size: 3629
    outs:
    - path: reports/metrics.json
      hash: md5
      md5: eac6afc8901064a391e7366797af3727
      size: 145
