schema: '2.0'
stages:
  data_ingestion:
    cmd: python src/data_ingestion.py
    deps:
    - path: src/data_ingestion.py
      hash: md5
      md5: 5e87979fefa173b88405ff593887c01e
      size: 3659
    params:
      params.yaml:
        data_ingestion.test_size: 0.15
    outs:
    - path: data/raw
      hash: md5
      md5: a15ba66afdf82f8659b031b175286ed3.dir
      size: 484846
      nfiles: 2
  data_preprocessing:
    cmd: python src/data_preprocessing.py
    deps:
    - path: data/raw
      hash: md5
      md5: a15ba66afdf82f8659b031b175286ed3.dir
      size: 484846
      nfiles: 2
    - path: src/data_preprocessing.py
      hash: md5
      md5: fdd6ab568b590d221317f49ae4be4444
      size: 4146
    outs:
    - path: data/interim
      hash: md5
      md5: 60a6fff4e80508df65a68e383fa2725e.dir
      size: 259164
      nfiles: 2
  feature_engineering:
    cmd: python src/feature_engineering.py
    deps:
    - path: data/interim
      hash: md5
      md5: 60a6fff4e80508df65a68e383fa2725e.dir
      size: 259164
      nfiles: 2
    - path: src/feature_engineering.py
      hash: md5
      md5: 23bced36291f6a62a1dbbc261dbb647c
      size: 3914
    params:
      params.yaml:
        feature_engineering.max_features: 45
    outs:
    - path: data/processed
      hash: md5
      md5: 559a406bd55d72aa3370a7e2ed550a87.dir
      size: 1062472
      nfiles: 2
  model_building:
    cmd: python src/model_building.py
    deps:
    - path: data/processed
      hash: md5
      md5: 559a406bd55d72aa3370a7e2ed550a87.dir
      size: 1062472
      nfiles: 2
    - path: src/model_building.py
      hash: md5
      md5: 12b2023871ac0978d8815a82707336e5
      size: 4419
    params:
      params.yaml:
        model_building.n_estimators: 20
        model_building.random_state: 2
    outs:
    - path: models/model.pkl
      hash: md5
      md5: 8a021a740f817936302227bf8cb119fd
      size: 1011895
  model_evaluation:
    cmd: python src/model_evaluation.py
    deps:
    - path: models/model.pkl
      hash: md5
      md5: 8a021a740f817936302227bf8cb119fd
      size: 1011895
    - path: src/model_evaluation.py
      hash: md5
      md5: a3e844d44dba00202319e7b22dddcf94
      size: 3629
    outs:
    - path: reports/metrics.json
      hash: md5
      md5: a1131327656c3c5defbb517dcc6f76df
      size: 145
